github.com/jaisanas/go-print v1.0.0 h1:+gy36ITJ1VEDhOdWNWXl2O6HAfs2yOjXP1nR4W3JeJI=
github.com/jaisanas/go-print v1.0.0/go.mod h1:3MMUQDXtnKQiHT9KHkBNsQcqjDssj2oGeu8p1wEVY7k=
github.com/jaisanas/go-print v1.1.1 h1:auLyidMFOaa76BLZm+INx7sqACQ5Ckh8Y7/9Ck2CotY=
github.com/jaisanas/go-print v1.1.1/go.mod h1:3MMUQDXtnKQiHT9KHkBNsQcqjDssj2oGeu8p1wEVY7k=
github.com/jaisanas/go-print v1.2.1 h1:Je+oH+j6/vzow4wIZ49gReAkI1UqBytnaJdxqGD4cFA=
github.com/jaisanas/go-print v1.2.1/go.mod h1:3MMUQDXtnKQiHT9KHkBNsQcqjDssj2oGeu8p1wEVY7k=
